// !$*UTF8*$!
{
	archiveVersion = 1;
	classes = {
	};
	objectVersion = 46;
	objects = {

/* Begin PBXBuildFile section */
		FA171D8D1E5CFA4F00F46DBD /* ColorCollectionViewCell.swift in Sources */ = {isa = PBXBuildFile; fileRef = FA171D8C1E5CFA4F00F46DBD /* ColorCollectionViewCell.swift */; };
		FA48D3001E562F9700AB69E9 /* AppDelegate.swift in Sources */ = {isa = PBXBuildFile; fileRef = FA48D2FF1E562F9700AB69E9 /* AppDelegate.swift */; };
		FA48D3021E562F9700AB69E9 /* ViewController.swift in Sources */ = {isa = PBXBuildFile; fileRef = FA48D3011E562F9700AB69E9 /* ViewController.swift */; };
		FA48D3051E562F9700AB69E9 /* Main.storyboard in Resources */ = {isa = PBXBuildFile; fileRef = FA48D3031E562F9700AB69E9 /* Main.storyboard */; };
		FA48D3071E562F9700AB69E9 /* Assets.xcassets in Resources */ = {isa = PBXBuildFile; fileRef = FA48D3061E562F9700AB69E9 /* Assets.xcassets */; };
		FA48D30A1E562F9700AB69E9 /* LaunchScreen.storyboard in Resources */ = {isa = PBXBuildFile; fileRef = FA48D3081E562F9700AB69E9 /* LaunchScreen.storyboard */; };
		FA48D3151E562F9700AB69E9 /* GradientColorsTests.swift in Sources */ = {isa = PBXBuildFile; fileRef = FA48D3141E562F9700AB69E9 /* GradientColorsTests.swift */; };
		FA48D3201E562F9800AB69E9 /* GradientColorsUITests.swift in Sources */ = {isa = PBXBuildFile; fileRef = FA48D31F1E562F9800AB69E9 /* GradientColorsUITests.swift */; };
		FA48D32E1E56313400AB69E9 /* Gradients.swift in Sources */ = {isa = PBXBuildFile; fileRef = FA48D32D1E56313400AB69E9 /* Gradients.swift */; };
/* End PBXBuildFile section */

/* Begin PBXContainerItemProxy section */
		FA48D3111E562F9700AB69E9 /* PBXContainerItemProxy */ = {
			isa = PBXContainerItemProxy;
			containerPortal = FA48D2F41E562F9700AB69E9 /* Project object */;
			proxyType = 1;
			remoteGlobalIDString = FA48D2FB1E562F9700AB69E9;
			remoteInfo = GradientColors;
		};
		FA48D31C1E562F9800AB69E9 /* PBXContainerItemProxy */ = {
			isa = PBXContainerItemProxy;
			containerPortal = FA48D2F41E562F9700AB69E9 /* Project object */;
			proxyType = 1;
			remoteGlobalIDString = FA48D2FB1E562F9700AB69E9;
			remoteInfo = GradientColors;
		};
/* End PBXContainerItemProxy section */

/* Begin PBXFileReference section */
		FA171D8C1E5CFA4F00F46DBD /* ColorCollectionViewCell.swift */ = {isa = PBXFileReference; fileEncoding = 4; lastKnownFileType = sourcecode.swift; path = ColorCollectionViewCell.swift; sourceTree = "<group>"; };
		FA48D2FC1E562F9700AB69E9 /* GradientColors.app */ = {isa = PBXFileReference; explicitFileType = wrapper.application; includeInIndex = 0; path = GradientColors.app; sourceTree = BUILT_PRODUCTS_DIR; };
		FA48D2FF1E562F9700AB69E9 /* AppDelegate.swift */ = {isa = PBXFileReference; lastKnownFileType = sourcecode.swift; path = AppDelegate.swift; sourceTree = "<group>"; };
		FA48D3011E562F9700AB69E9 /* ViewController.swift */ = {isa = PBXFileReference; lastKnownFileType = sourcecode.swift; path = ViewController.swift; sourceTree = "<group>"; };
		FA48D3041E562F9700AB69E9 /* Base */ = {isa = PBXFileReference; lastKnownFileType = file.storyboard; name = Base; path = Base.lproj/Main.storyboard; sourceTree = "<group>"; };
		FA48D3061E562F9700AB69E9 /* Assets.xcassets */ = {isa = PBXFileReference; lastKnownFileType = folder.assetcatalog; path = Assets.xcassets; sourceTree = "<group>"; };
		FA48D3091E562F9700AB69E9 /* Base */ = {isa = PBXFileReference; lastKnownFileType = file.storyboard; name = Base; path = Base.lproj/LaunchScreen.storyboard; sourceTree = "<group>"; };
		FA48D30B1E562F9700AB69E9 /* Info.plist */ = {isa = PBXFileReference; lastKnownFileType = text.plist.xml; path = Info.plist; sourceTree = "<group>"; };
		FA48D3101E562F9700AB69E9 /* GradientColorsTests.xctest */ = {isa = PBXFileReference; explicitFileType = wrapper.cfbundle; includeInIndex = 0; path = GradientColorsTests.xctest; sourceTree = BUILT_PRODUCTS_DIR; };
		FA48D3141E562F9700AB69E9 /* GradientColorsTests.swift */ = {isa = PBXFileReference; lastKnownFileType = sourcecode.swift; path = GradientColorsTests.swift; sourceTree = "<group>"; };
		FA48D3161E562F9800AB69E9 /* Info.plist */ = {isa = PBXFileReference; lastKnownFileType = text.plist.xml; path = Info.plist; sourceTree = "<group>"; };
		FA48D31B1E562F9800AB69E9 /* GradientColorsUITests.xctest */ = {isa = PBXFileReference; explicitFileType = wrapper.cfbundle; includeInIndex = 0; path = GradientColorsUITests.xctest; sourceTree = BUILT_PRODUCTS_DIR; };
		FA48D31F1E562F9800AB69E9 /* GradientColorsUITests.swift */ = {isa = PBXFileReference; lastKnownFileType = sourcecode.swift; path = GradientColorsUITests.swift; sourceTree = "<group>"; };
		FA48D3211E562F9800AB69E9 /* Info.plist */ = {isa = PBXFileReference; lastKnownFileType = text.plist.xml; path = Info.plist; sourceTree = "<group>"; };
		FA48D32D1E56313400AB69E9 /* Gradients.swift */ = {isa = PBXFileReference; fileEncoding = 4; lastKnownFileType = sourcecode.swift; path = Gradients.swift; sourceTree = "<group>"; };
/* End PBXFileReference section */

/* Begin PBXFrameworksBuildPhase section */
		FA48D2F91E562F9700AB69E9 /* Frameworks */ = {
			isa = PBXFrameworksBuildPhase;
			buildActionMask = 2147483647;
			files = (
			);
			runOnlyForDeploymentPostprocessing = 0;
		};
		FA48D30D1E562F9700AB69E9 /* Frameworks */ = {
			isa = PBXFrameworksBuildPhase;
			buildActionMask = 2147483647;
			files = (
			);
			runOnlyForDeploymentPostprocessing = 0;
		};
		FA48D3181E562F9800AB69E9 /* Frameworks */ = {
			isa = PBXFrameworksBuildPhase;
			buildActionMask = 2147483647;
			files = (
			);
			runOnlyForDeploymentPostprocessing = 0;
		};
/* End PBXFrameworksBuildPhase section */

/* Begin PBXGroup section */
		FA48D2F31E562F9700AB69E9 = {
			isa = PBXGroup;
			children = (
				FA48D2FE1E562F9700AB69E9 /* GradientColors */,
				FA48D3131E562F9700AB69E9 /* GradientColorsTests */,
				FA48D31E1E562F9800AB69E9 /* GradientColorsUITests */,
				FA48D2FD1E562F9700AB69E9 /* Products */,
			);
			sourceTree = "<group>";
		};
		FA48D2FD1E562F9700AB69E9 /* Products */ = {
			isa = PBXGroup;
			children = (
				FA48D2FC1E562F9700AB69E9 /* GradientColors.app */,
				FA48D3101E562F9700AB69E9 /* GradientColorsTests.xctest */,
				FA48D31B1E562F9800AB69E9 /* GradientColorsUITests.xctest */,
			);
			name = Products;
			sourceTree = "<group>";
		};
		FA48D2FE1E562F9700AB69E9 /* GradientColors */ = {
			isa = PBXGroup;
			children = (
				FA48D2FF1E562F9700AB69E9 /* AppDelegate.swift */,
				FA48D3011E562F9700AB69E9 /* ViewController.swift */,
				FA48D3031E562F9700AB69E9 /* Main.storyboard */,
				FA48D3061E562F9700AB69E9 /* Assets.xcassets */,
				FA48D3081E562F9700AB69E9 /* LaunchScreen.storyboard */,
				FA48D30B1E562F9700AB69E9 /* Info.plist */,
				FA48D32D1E56313400AB69E9 /* Gradients.swift */,
				FA171D8C1E5CFA4F00F46DBD /* ColorCollectionViewCell.swift */,
			);
			path = GradientColors;
			sourceTree = "<group>";
		};
		FA48D3131E562F9700AB69E9 /* GradientColorsTests */ = {
			isa = PBXGroup;
			children = (
				FA48D3141E562F9700AB69E9 /* GradientColorsTests.swift */,
				FA48D3161E562F9800AB69E9 /* Info.plist */,
			);
			path = GradientColorsTests;
			sourceTree = "<group>";
		};
		FA48D31E1E562F9800AB69E9 /* GradientColorsUITests */ = {
			isa = PBXGroup;
			children = (
				FA48D31F1E562F9800AB69E9 /* GradientColorsUITests.swift */,
				FA48D3211E562F9800AB69E9 /* Info.plist */,
			);
			path = GradientColorsUITests;
			sourceTree = "<group>";
		};
/* End PBXGroup section */

/* Begin PBXNativeTarget section */
		FA48D2FB1E562F9700AB69E9 /* GradientColors */ = {
			isa = PBXNativeTarget;
			buildConfigurationList = FA48D3241E562F9800AB69E9 /* Build configuration list for PBXNativeTarget "GradientColors" */;
			buildPhases = (
				FA48D2F81E562F9700AB69E9 /* Sources */,
				FA48D2F91E562F9700AB69E9 /* Frameworks */,
				FA48D2FA1E562F9700AB69E9 /* Resources */,
			);
			buildRules = (
			);
			dependencies = (
			);
			name = GradientColors;
			productName = GradientColors;
			productReference = FA48D2FC1E562F9700AB69E9 /* GradientColors.app */;
			productType = "com.apple.product-type.application";
		};
		FA48D30F1E562F9700AB69E9 /* GradientColorsTests */ = {
			isa = PBXNativeTarget;
			buildConfigurationList = FA48D3271E562F9800AB69E9 /* Build configuration list for PBXNativeTarget "GradientColorsTests" */;
			buildPhases = (
				FA48D30C1E562F9700AB69E9 /* Sources */,
				FA48D30D1E562F9700AB69E9 /* Frameworks */,
				FA48D30E1E562F9700AB69E9 /* Resources */,
			);
			buildRules = (
			);
			dependencies = (
				FA48D3121E562F9700AB69E9 /* PBXTargetDependency */,
			);
			name = GradientColorsTests;
			productName = GradientColorsTests;
			productReference = FA48D3101E562F9700AB69E9 /* GradientColorsTests.xctest */;
			productType = "com.apple.product-type.bundle.unit-test";
		};
		FA48D31A1E562F9800AB69E9 /* GradientColorsUITests */ = {
			isa = PBXNativeTarget;
			buildConfigurationList = FA48D32A1E562F9800AB69E9 /* Build configuration list for PBXNativeTarget "GradientColorsUITests" */;
			buildPhases = (
				FA48D3171E562F9800AB69E9 /* Sources */,
				FA48D3181E562F9800AB69E9 /* Frameworks */,
				FA48D3191E562F9800AB69E9 /* Resources */,
			);
			buildRules = (
			);
			dependencies = (
				FA48D31D1E562F9800AB69E9 /* PBXTargetDependency */,
			);
			name = GradientColorsUITests;
			productName = GradientColorsUITests;
			productReference = FA48D31B1E562F9800AB69E9 /* GradientColorsUITests.xctest */;
			productType = "com.apple.product-type.bundle.ui-testing";
		};
/* End PBXNativeTarget section */

/* Begin PBXProject section */
		FA48D2F41E562F9700AB69E9 /* Project object */ = {
			isa = PBXProject;
			attributes = {
				LastSwiftUpdateCheck = 0820;
				LastUpgradeCheck = 0820;
				ORGANIZATIONNAME = "Do Good Technology";
				TargetAttributes = {
					FA48D2FB1E562F9700AB69E9 = {
						CreatedOnToolsVersion = 8.2.1;
						DevelopmentTeam = P2AA55448J;
						ProvisioningStyle = Automatic;
					};
					FA48D30F1E562F9700AB69E9 = {
						CreatedOnToolsVersion = 8.2.1;
						DevelopmentTeam = P2AA55448J;
						ProvisioningStyle = Automatic;
						TestTargetID = FA48D2FB1E562F9700AB69E9;
					};
					FA48D31A1E562F9800AB69E9 = {
						CreatedOnToolsVersion = 8.2.1;
						DevelopmentTeam = P2AA55448J;
						ProvisioningStyle = Automatic;
						TestTargetID = FA48D2FB1E562F9700AB69E9;
					};
				};
			};
			buildConfigurationList = FA48D2F71E562F9700AB69E9 /* Build configuration list for PBXProject "GradientColors" */;
			compatibilityVersion = "Xcode 3.2";
			developmentRegion = English;
			hasScannedForEncodings = 0;
			knownRegions = (
				en,
				Base,
			);
			mainGroup = FA48D2F31E562F9700AB69E9;
			productRefGroup = FA48D2FD1E562F9700AB69E9 /* Products */;
			projectDirPath = "";
			projectRoot = "";
			targets = (
				FA48D2FB1E562F9700AB69E9 /* GradientColors */,
				FA48D30F1E562F9700AB69E9 /* GradientColorsTests */,
				FA48D31A1E562F9800AB69E9 /* GradientColorsUITests */,
			);
		};
/* End PBXProject section */

/* Begin PBXResourcesBuildPhase section */
		FA48D2FA1E562F9700AB69E9 /* Resources */ = {
			isa = PBXResourcesBuildPhase;
			buildActionMask = 2147483647;
			files = (
				FA48D30A1E562F9700AB69E9 /* LaunchScreen.storyboard in Resources */,
				FA48D3071E562F9700AB69E9 /* Assets.xcassets in Resources */,
				FA48D3051E562F9700AB69E9 /* Main.storyboard in Resources */,
			);
			runOnlyForDeploymentPostprocessing = 0;
		};
		FA48D30E1E562F9700AB69E9 /* Resources */ = {
			isa = PBXResourcesBuildPhase;
			buildActionMask = 2147483647;
			files = (
			);
			runOnlyForDeploymentPostprocessing = 0;
		};
		FA48D3191E562F9800AB69E9 /* Resources */ = {
			isa = PBXResourcesBuildPhase;
			buildActionMask = 2147483647;
			files = (
			);
			runOnlyForDeploymentPostprocessing = 0;
		};
/* End PBXResourcesBuildPhase section */

/* Begin PBXSourcesBuildPhase section */
		FA48D2F81E562F9700AB69E9 /* Sources */ = {
			isa = PBXSourcesBuildPhase;
			buildActionMask = 2147483647;
			files = (
				FA48D3021E562F9700AB69E9 /* ViewController.swift in Sources */,
				FA48D3001E562F9700AB69E9 /* AppDelegate.swift in Sources */,
				FA171D8D1E5CFA4F00F46DBD /* ColorCollectionViewCell.swift in Sources */,
				FA48D32E1E56313400AB69E9 /* Gradients.swift in Sources */,
			);
			runOnlyForDeploymentPostprocessing = 0;
		};
		FA48D30C1E562F9700AB69E9 /* Sources */ = {
			isa = PBXSourcesBuildPhase;
			buildActionMask = 2147483647;
			files = (
				FA48D3151E562F9700AB69E9 /* GradientColorsTests.swift in Sources */,
			);
			runOnlyForDeploymentPostprocessing = 0;
		};
		FA48D3171E562F9800AB69E9 /* Sources */ = {
			isa = PBXSourcesBuildPhase;
			buildActionMask = 2147483647;
			files = (
				FA48D3201E562F9800AB69E9 /* GradientColorsUITests.swift in Sources */,
			);
			runOnlyForDeploymentPostprocessing = 0;
		};
/* End PBXSourcesBuildPhase section */

/* Begin PBXTargetDependency section */
		FA48D3121E562F9700AB69E9 /* PBXTargetDependency */ = {
			isa = PBXTargetDependency;
			target = FA48D2FB1E562F9700AB69E9 /* GradientColors */;
			targetProxy = FA48D3111E562F9700AB69E9 /* PBXContainerItemProxy */;
		};
		FA48D31D1E562F9800AB69E9 /* PBXTargetDependency */ = {
			isa = PBXTargetDependency;
			target = FA48D2FB1E562F9700AB69E9 /* GradientColors */;
			targetProxy = FA48D31C1E562F9800AB69E9 /* PBXContainerItemProxy */;
		};
/* End PBXTargetDependency section */

/* Begin PBXVariantGroup section */
		FA48D3031E562F9700AB69E9 /* Main.storyboard */ = {
			isa = PBXVariantGroup;
			children = (
				FA48D3041E562F9700AB69E9 /* Base */,
			);
			name = Main.storyboard;
			sourceTree = "<group>";
		};
		FA48D3081E562F9700AB69E9 /* LaunchScreen.storyboard */ = {
			isa = PBXVariantGroup;
			children = (
				FA48D3091E562F9700AB69E9 /* Base */,
			);
			name = LaunchScreen.storyboard;
			sourceTree = "<group>";
		};
/* End PBXVariantGroup section */

/* Begin XCBuildConfiguration section */
		FA48D3221E562F9800AB69E9 /* Debug */ = {
			isa = XCBuildConfiguration;
			buildSettings = {
				ALWAYS_SEARCH_USER_PATHS = NO;
				CLANG_ANALYZER_NONNULL = YES;
				CLANG_CXX_LANGUAGE_STANDARD = "gnu++0x";
				CLANG_CXX_LIBRARY = "libc++";
				CLANG_ENABLE_MODULES = YES;
				CLANG_ENABLE_OBJC_ARC = YES;
				CLANG_WARN_BOOL_CONVERSION = YES;
				CLANG_WARN_CONSTANT_CONVERSION = YES;
				CLANG_WARN_DIRECT_OBJC_ISA_USAGE = YES_ERROR;
				CLANG_WARN_DOCUMENTATION_COMMENTS = YES;
				CLANG_WARN_EMPTY_BODY = YES;
				CLANG_WARN_ENUM_CONVERSION = YES;
				CLANG_WARN_INFINITE_RECURSION = YES;
				CLANG_WARN_INT_CONVERSION = YES;
				CLANG_WARN_OBJC_ROOT_CLASS = YES_ERROR;
				CLANG_WARN_SUSPICIOUS_MOVE = YES;
				CLANG_WARN_UNREACHABLE_CODE = YES;
				CLANG_WARN__DUPLICATE_METHOD_MATCH = YES;
				"CODE_SIGN_IDENTITY[sdk=iphoneos*]" = "iPhone Developer";
				COPY_PHASE_STRIP = NO;
				DEBUG_INFORMATION_FORMAT = dwarf;
				ENABLE_STRICT_OBJC_MSGSEND = YES;
				ENABLE_TESTABILITY = YES;
				GCC_C_LANGUAGE_STANDARD = gnu99;
				GCC_DYNAMIC_NO_PIC = NO;
				GCC_NO_COMMON_BLOCKS = YES;
				GCC_OPTIMIZATION_LEVEL = 0;
				GCC_PREPROCESSOR_DEFINITIONS = (
					"DEBUG=1",
					"$(inherited)",
				);
				GCC_WARN_64_TO_32_BIT_CONVERSION = YES;
				GCC_WARN_ABOUT_RETURN_TYPE = YES_ERROR;
				GCC_WARN_UNDECLARED_SELECTOR = YES;
				GCC_WARN_UNINITIALIZED_AUTOS = YES_AGGRESSIVE;
				GCC_WARN_UNUSED_FUNCTION = YES;
				GCC_WARN_UNUSED_VARIABLE = YES;
				IPHONEOS_DEPLOYMENT_TARGET = 10.2;
				MTL_ENABLE_DEBUG_INFO = YES;
				ONLY_ACTIVE_ARCH = YES;
				SDKROOT = iphoneos;
				SWIFT_ACTIVE_COMPILATION_CONDITIONS = DEBUG;
				SWIFT_OPTIMIZATION_LEVEL = "-Onone";
				TARGETED_DEVICE_FAMILY = "1,2";
			};
			name = Debug;
		};
		FA48D3231E562F9800AB69E9 /* Release */ = {
			isa = XCBuildConfiguration;
			buildSettings = {
				ALWAYS_SEARCH_USER_PATHS = NO;
				CLANG_ANALYZER_NONNULL = YES;
				CLANG_CXX_LANGUAGE_STANDARD = "gnu++0x";
				CLANG_CXX_LIBRARY = "libc++";
				CLANG_ENABLE_MODULES = YES;
				CLANG_ENABLE_OBJC_ARC = YES;
				CLANG_WARN_BOOL_CONVERSION = YES;
				CLANG_WARN_CONSTANT_CONVERSION = YES;
				CLANG_WARN_DIRECT_OBJC_ISA_USAGE = YES_ERROR;
				CLANG_WARN_DOCUMENTATION_COMMENTS = YES;
				CLANG_WARN_EMPTY_BODY = YES;
				CLANG_WARN_ENUM_CONVERSION = YES;
				CLANG_WARN_INFINITE_RECURSION = YES;
				CLANG_WARN_INT_CONVERSION = YES;
				CLANG_WARN_OBJC_ROOT_CLASS = YES_ERROR;
				CLANG_WARN_SUSPICIOUS_MOVE = YES;
				CLANG_WARN_UNREACHABLE_CODE = YES;
				CLANG_WARN__DUPLICATE_METHOD_MATCH = YES;
				"CODE_SIGN_IDENTITY[sdk=iphoneos*]" = "iPhone Developer";
				COPY_PHASE_STRIP = NO;
				DEBUG_INFORMATION_FORMAT = "dwarf-with-dsym";
				ENABLE_NS_ASSERTIONS = NO;
				ENABLE_STRICT_OBJC_MSGSEND = YES;
				GCC_C_LANGUAGE_STANDARD = gnu99;
				GCC_NO_COMMON_BLOCKS = YES;
				GCC_WARN_64_TO_32_BIT_CONVERSION = YES;
				GCC_WARN_ABOUT_RETURN_TYPE = YES_ERROR;
				GCC_WARN_UNDECLARED_SELECTOR = YES;
				GCC_WARN_UNINITIALIZED_AUTOS = YES_AGGRESSIVE;
				GCC_WARN_UNUSED_FUNCTION = YES;
				GCC_WARN_UNUSED_VARIABLE = YES;
				IPHONEOS_DEPLOYMENT_TARGET = 10.2;
				MTL_ENABLE_DEBUG_INFO = NO;
				SDKROOT = iphoneos;
				SWIFT_OPTIMIZATION_LEVEL = "-Owholemodule";
				TARGETED_DEVICE_FAMILY = "1,2";
				VALIDATE_PRODUCT = YES;
			};
			name = Release;
		};
		FA48D3251E562F9800AB69E9 /* Debug */ = {
			isa = XCBuildConfiguration;
			buildSettings = {
				ASSETCATALOG_COMPILER_APPICON_NAME = AppIcon;
				DEVELOPMENT_TEAM = P2AA55448J;
				INFOPLIST_FILE = GradientColors/Info.plist;
				LD_RUNPATH_SEARCH_PATHS = "$(inherited) @executable_path/Frameworks";
				PRODUCT_BUNDLE_IDENTIFIER = com.DoGoodTechnology.GradientColors;
				PRODUCT_NAME = "$(TARGET_NAME)";
				SWIFT_VERSION = 3.0;
			};
			name = Debug;
		};
		FA48D3261E562F9800AB69E9 /* Release */ = {
			isa = XCBuildConfiguration;
			buildSettings = {
				ASSETCATALOG_COMPILER_APPICON_NAME = AppIcon;
				DEVELOPMENT_TEAM = P2AA55448J;
				INFOPLIST_FILE = GradientColors/Info.plist;
				LD_RUNPATH_SEARCH_PATHS = "$(inherited) @executable_path/Frameworks";
				PRODUCT_BUNDLE_IDENTIFIER = com.DoGoodTechnology.GradientColors;
				PRODUCT_NAME = "$(TARGET_NAME)";
				SWIFT_VERSION = 3.0;
			};
			name = Release;
		};
		FA48D3281E562F9800AB69E9 /* Debug */ = {
			isa = XCBuildConfiguration;
			buildSettings = {
				ALWAYS_EMBED_SWIFT_STANDARD_LIBRARIES = YES;
				BUNDLE_LOADER = "$(TEST_HOST)";
				DEVELOPMENT_TEAM = P2AA55448J;
				INFOPLIST_FILE = GradientColorsTests/Info.plist;
				LD_RUNPATH_SEARCH_PATHS = "$(inherited) @executable_path/Frameworks @loader_path/Frameworks";
				PRODUCT_BUNDLE_IDENTIFIER = com.DoGoodTechnology.GradientColorsTests;
				PRODUCT_NAME = "$(TARGET_NAME)";
				SWIFT_VERSION = 3.0;
				TEST_HOST = "$(BUILT_PRODUCTS_DIR)/GradientColors.app/GradientColors";
			};
			name = Debug;
		};
		FA48D3291E562F9800AB69E9 /* Release */ = {
			isa = XCBuildConfiguration;
			buildSettings = {
				ALWAYS_EMBED_SWIFT_STANDARD_LIBRARIES = YES;
				BUNDLE_LOADER = "$(TEST_HOST)";
				DEVELOPMENT_TEAM = P2AA55448J;
				INFOPLIST_FILE = GradientColorsTests/Info.plist;
				LD_RUNPATH_SEARCH_PATHS = "$(inherited) @executable_path/Frameworks @loader_path/Frameworks";
				PRODUCT_BUNDLE_IDENTIFIER = com.DoGoodTechnology.GradientColorsTests;
				PRODUCT_NAME = "$(TARGET_NAME)";
				SWIFT_VERSION = 3.0;
				TEST_HOST = "$(BUILT_PRODUCTS_DIR)/GradientColors.app/GradientColors";
			};
			name = Release;
		};
		FA48D32B1E562F9800AB69E9 /* Debug */ = {
			isa = XCBuildConfiguration;
			buildSettings = {
				ALWAYS_EMBED_SWIFT_STANDARD_LIBRARIES = YES;
				DEVELOPMENT_TEAM = P2AA55448J;
				INFOPLIST_FILE = GradientColorsUITests/Info.plist;
				LD_RUNPATH_SEARCH_PATHS = "$(inherited) @executable_path/Frameworks @loader_path/Frameworks";
				PRODUCT_BUNDLE_IDENTIFIER = com.DoGoodTechnology.GradientColorsUITests;
				PRODUCT_NAME = "$(TARGET_NAME)";
				SWIFT_VERSION = 3.0;
				TEST_TARGET_NAME = GradientColors;
			};
			name = Debug;
		};
		FA48D32C1E562F9800AB69E9 /* Release */ = {
			isa = XCBuildConfiguration;
			buildSettings = {
				ALWAYS_EMBED_SWIFT_STANDARD_LIBRARIES = YES;
				DEVELOPMENT_TEAM = P2AA55448J;
				INFOPLIST_FILE = GradientColorsUITests/Info.plist;
				LD_RUNPATH_SEARCH_PATHS = "$(inherited) @executable_path/Frameworks @loader_path/Frameworks";
				PRODUCT_BUNDLE_IDENTIFIER = com.DoGoodTechnology.GradientColorsUITests;
				PRODUCT_NAME = "$(TARGET_NAME)";
				SWIFT_VERSION = 3.0;
				TEST_TARGET_NAME = GradientColors;
			};
			name = Release;
		};
/* End XCBuildConfiguration section */

/* Begin XCConfigurationList section */
		FA48D2F71E562F9700AB69E9 /* Build configuration list for PBXProject "GradientColors" */ = {
			isa = XCConfigurationList;
			buildConfigurations = (
				FA48D3221E562F9800AB69E9 /* Debug */,
				FA48D3231E562F9800AB69E9 /* Release */,
			);
			defaultConfigurationIsVisible = 0;
			defaultConfigurationName = Release;
		};
		FA48D3241E562F9800AB69E9 /* Build configuration list for PBXNativeTarget "GradientColors" */ = {
			isa = XCConfigurationList;
			buildConfigurations = (
				FA48D3251E562F9800AB69E9 /* Debug */,
				FA48D3261E562F9800AB69E9 /* Release */,
			);
			defaultConfigurationIsVisible = 0;
			defaultConfigurationName = Release;
		};
		FA48D3271E562F9800AB69E9 /* Build configuration list for PBXNativeTarget "GradientColorsTests" */ = {
			isa = XCConfigurationList;
			buildConfigurations = (
				FA48D3281E562F9800AB69E9 /* Debug */,
				FA48D3291E562F9800AB69E9 /* Release */,
			);
			defaultConfigurationIsVisible = 0;
			defaultConfigurationName = Release;
		};
		FA48D32A1E562F9800AB69E9 /* Build configuration list for PBXNativeTarget "GradientColorsUITests" */ = {
			isa = XCConfigurationList;
			buildConfigurations = (
				FA48D32B1E562F9800AB69E9 /* Debug */,
				FA48D32C1E562F9800AB69E9 /* Release */,
			);
			defaultConfigurationIsVisible = 0;
			defaultConfigurationName = Release;
		};
/* End XCConfigurationList section */
	};
	rootObject = FA48D2F41E562F9700AB69E9 /* Project object */;
}
